{
  "name": "opendataloader-pdf-workspace",
  "lockfileVersion": 3,
  "requires": true,
  "packages": {
    "": {
      "name": "opendataloader-pdf-workspace",
      "dependencies": {
        "@opendataloader/pdf": "^2.5.2"
      },
      "engines": {
        "node": ">=22.13"
      }
    },
    "node_modules/@opendataloader/pdf": {
      "version": "2.5.2",
      "resolved": "https://registry.npmjs.org/@opendataloader/pdf/-/pdf-2.5.2.tgz",
      "integrity": "sha512-8BYnDfFzwJEkkXkatYPv0el2b0PujshDaoxndTLuoO8NbHqz7VcZH0mgOYOwf/HfGBaNJwAOhinp1OnMD7lgwg==",
      "license": "Apache-2.0",
      "dependencies": {
        "commander": "^15.0.0"
      },
      "bin": {
        "opendataloader-pdf": "dist/cli.js"
      },
      "engines": {
        "node": ">=22.13"
      }
    },
    "node_modules/commander": {
      "version": "15.0.0",
      "resolved": "https://registry.npmjs.org/commander/-/commander-15.0.0.tgz",
      "integrity": "sha512-z67u4ZhzCL/Tydu1lJARtEZYWbWaN7oYLHbsuzocr6y4N6WZAagG3RQ4FW61V1/0+jImpj293XfrcYnd1qxtPg==",
      "license": "MIT",
      "engines": {
        "node": ">=22.12.0"
      }
    }
  }
}
